
Microsoft Visual Studio Solution File, Format Version 12.00
# Visual Studio Version 17
VisualStudioVersion = 17.7.34024.191
MinimumVisualStudioVersion = 10.0.40219.1
Project("{FAE04EC0-301F-11D3-BF4B-00C04F79EFBC}") = "NumbersGame", "NumbersGame\NumbersGame.csproj", "{742EE1E5-645F-4132-849A-1C7BD1EF718A}"
EndProject
Global
	GlobalSection(SolutionConfigurationPlatforms) = preSolution
		Debug|Any CPU = Debug|Any CPU
		Release|Any CPU = Release|Any CPU
	EndGlobalSection
	GlobalSection(ProjectConfigurationPlatforms) = postSolution
		{742EE1E5-645F-4132-849A-1C7BD1EF718A}.Debug|Any CPU.ActiveCfg = Debug|Any CPU
		{742EE1E5-645F-4132-849A-1C7BD1EF718A}.Debug|Any CPU.Build.0 = Debug|Any CPU
		{742EE1E5-645F-4132-849A-1C7BD1EF718A}.Release|Any CPU.ActiveCfg = Release|Any CPU
		{742EE1E5-645F-4132-849A-1C7BD1EF718A}.Release|Any CPU.Build.0 = Release|Any CPU
	EndGlobalSection
	GlobalSection(SolutionProperties) = preSolution
		HideSolutionNode = FALSE
	EndGlobalSection
	GlobalSection(ExtensibilityGlobals) = postSolution
		SolutionGuid = {6AD018DC-F153-4EAD-952A-108A02B61F79}
	EndGlobalSection
EndGlobal
